
Microsoft Visual Studio Solution File, Format Version 12.00
# Visual Studio Version 17
VisualStudioVersion = 17.7.34031.279
MinimumVisualStudioVersion = 10.0.40219.1
Project("{FAE04EC0-301F-11D3-BF4B-00C04F79EFBC}") = "game", "game\game.csproj", "{DFEF8C21-3480-4C4A-A841-522E6A4DBED0}"
EndProject
Global
	GlobalSection(SolutionConfigurationPlatforms) = preSolution
		Debug|Any CPU = Debug|Any CPU
		Release|Any CPU = Release|Any CPU
	EndGlobalSection
	GlobalSection(ProjectConfigurationPlatforms) = postSolution
		{DFEF8C21-3480-4C4A-A841-522E6A4DBED0}.Debug|Any CPU.ActiveCfg = Debug|Any CPU
		{DFEF8C21-3480-4C4A-A841-522E6A4DBED0}.Debug|Any CPU.Build.0 = Debug|Any CPU
		{DFEF8C21-3480-4C4A-A841-522E6A4DBED0}.Release|Any CPU.ActiveCfg = Release|Any CPU
		{DFEF8C21-3480-4C4A-A841-522E6A4DBED0}.Release|Any CPU.Build.0 = Release|Any CPU
	EndGlobalSection
	GlobalSection(SolutionProperties) = preSolution
		HideSolutionNode = FALSE
	EndGlobalSection
	GlobalSection(ExtensibilityGlobals) = postSolution
		SolutionGuid = {81191EFA-7FFC-4FCA-BF6A-56F91B8B6FB8}
	EndGlobalSection
EndGlobal
